// !$*UTF8*$!
{
	archiveVersion = 1;
	classes = {
	};
	objectVersion = 56;
	objects = {

/* Begin PBXBuildFile section */
		E062A3E12A30B714007DC19F /* ContactCell.swift in Sources */ = {isa = PBXBuildFile; fileRef = E062A3E02A30B714007DC19F /* ContactCell.swift */; };
		E062A3E42A30DEAC007DC19F /* FetchContacts.swift in Sources */ = {isa = PBXBuildFile; fileRef = E062A3E32A30DEAC007DC19F /* FetchContacts.swift */; };
		E062A3E62A30E02C007DC19F /* MostViewedController.swift in Sources */ = {isa = PBXBuildFile; fileRef = E062A3E52A30E02C007DC19F /* MostViewedController.swift */; };
		E062A3E82A30E095007DC19F /* MostViewedViewModel.swift in Sources */ = {isa = PBXBuildFile; fileRef = E062A3E72A30E095007DC19F /* MostViewedViewModel.swift */; };
		E062A3EA2A30E4D0007DC19F /* SelectedContactsCell.swift in Sources */ = {isa = PBXBuildFile; fileRef = E062A3E92A30E4CF007DC19F /* SelectedContactsCell.swift */; };
		E062A3EC2A30E4FD007DC19F /* SelectableContactCell.swift in Sources */ = {isa = PBXBuildFile; fileRef = E062A3EB2A30E4FD007DC19F /* SelectableContactCell.swift */; };
		E062A3EF2A30FEC9007DC19F /* SelectedImageCollectionViewCell.swift in Sources */ = {isa = PBXBuildFile; fileRef = E062A3EE2A30FEC9007DC19F /* SelectedImageCollectionViewCell.swift */; };
		E0E66D712A3090FE00EEC38C /* AppDelegate.swift in Sources */ = {isa = PBXBuildFile; fileRef = E0E66D702A3090FE00EEC38C /* AppDelegate.swift */; };
		E0E66D732A3090FE00EEC38C /* SceneDelegate.swift in Sources */ = {isa = PBXBuildFile; fileRef = E0E66D722A3090FE00EEC38C /* SceneDelegate.swift */; };
		E0E66D782A3090FE00EEC38C /* Main.storyboard in Resources */ = {isa = PBXBuildFile; fileRef = E0E66D762A3090FE00EEC38C /* Main.storyboard */; };
		E0E66D7A2A3090FF00EEC38C /* Assets.xcassets in Resources */ = {isa = PBXBuildFile; fileRef = E0E66D792A3090FF00EEC38C /* Assets.xcassets */; };
		E0E66D7D2A3090FF00EEC38C /* LaunchScreen.storyboard in Resources */ = {isa = PBXBuildFile; fileRef = E0E66D7B2A3090FF00EEC38C /* LaunchScreen.storyboard */; };
		E0E66D8A2A30979F00EEC38C /* Contact.swift in Sources */ = {isa = PBXBuildFile; fileRef = E0E66D892A30979F00EEC38C /* Contact.swift */; };
		E0E66D8E2A3098BF00EEC38C /* SearchController.swift in Sources */ = {isa = PBXBuildFile; fileRef = E0E66D8D2A3098BF00EEC38C /* SearchController.swift */; };
		E0E66D902A3098D500EEC38C /* SearchViewModel.swift in Sources */ = {isa = PBXBuildFile; fileRef = E0E66D8F2A3098D500EEC38C /* SearchViewModel.swift */; };
/* End PBXBuildFile section */

/* Begin PBXFileReference section */
		E062A3E02A30B714007DC19F /* ContactCell.swift */ = {isa = PBXFileReference; lastKnownFileType = sourcecode.swift; path = ContactCell.swift; sourceTree = "<group>"; };
		E062A3E32A30DEAC007DC19F /* FetchContacts.swift */ = {isa = PBXFileReference; lastKnownFileType = sourcecode.swift; path = FetchContacts.swift; sourceTree = "<group>"; };
		E062A3E52A30E02C007DC19F /* MostViewedController.swift */ = {isa = PBXFileReference; lastKnownFileType = sourcecode.swift; path = MostViewedController.swift; sourceTree = "<group>"; };
		E062A3E72A30E095007DC19F /* MostViewedViewModel.swift */ = {isa = PBXFileReference; lastKnownFileType = sourcecode.swift; path = MostViewedViewModel.swift; sourceTree = "<group>"; };
		E062A3E92A30E4CF007DC19F /* SelectedContactsCell.swift */ = {isa = PBXFileReference; lastKnownFileType = sourcecode.swift; path = SelectedContactsCell.swift; sourceTree = "<group>"; };
		E062A3EB2A30E4FD007DC19F /* SelectableContactCell.swift */ = {isa = PBXFileReference; lastKnownFileType = sourcecode.swift; path = SelectableContactCell.swift; sourceTree = "<group>"; };
		E062A3EE2A30FEC9007DC19F /* SelectedImageCollectionViewCell.swift */ = {isa = PBXFileReference; lastKnownFileType = sourcecode.swift; path = SelectedImageCollectionViewCell.swift; sourceTree = "<group>"; };
		E0E66D6D2A3090FE00EEC38C /* InformTehnikaTZ.app */ = {isa = PBXFileReference; explicitFileType = wrapper.application; includeInIndex = 0; path = InformTehnikaTZ.app; sourceTree = BUILT_PRODUCTS_DIR; };
		E0E66D702A3090FE00EEC38C /* AppDelegate.swift */ = {isa = PBXFileReference; lastKnownFileType = sourcecode.swift; path = AppDelegate.swift; sourceTree = "<group>"; };
		E0E66D722A3090FE00EEC38C /* SceneDelegate.swift */ = {isa = PBXFileReference; lastKnownFileType = sourcecode.swift; path = SceneDelegate.swift; sourceTree = "<group>"; };
		E0E66D772A3090FE00EEC38C /* Base */ = {isa = PBXFileReference; lastKnownFileType = file.storyboard; name = Base; path = Base.lproj/Main.storyboard; sourceTree = "<group>"; };
		E0E66D792A3090FF00EEC38C /* Assets.xcassets */ = {isa = PBXFileReference; lastKnownFileType = folder.assetcatalog; path = Assets.xcassets; sourceTree = "<group>"; };
		E0E66D7C2A3090FF00EEC38C /* Base */ = {isa = PBXFileReference; lastKnownFileType = file.storyboard; name = Base; path = Base.lproj/LaunchScreen.storyboard; sourceTree = "<group>"; };
		E0E66D7E2A3090FF00EEC38C /* Info.plist */ = {isa = PBXFileReference; lastKnownFileType = text.plist.xml; path = Info.plist; sourceTree = "<group>"; };
		E0E66D892A30979F00EEC38C /* Contact.swift */ = {isa = PBXFileReference; lastKnownFileType = sourcecode.swift; path = Contact.swift; sourceTree = "<group>"; };
		E0E66D8D2A3098BF00EEC38C /* SearchController.swift */ = {isa = PBXFileReference; lastKnownFileType = sourcecode.swift; path = SearchController.swift; sourceTree = "<group>"; };
		E0E66D8F2A3098D500EEC38C /* SearchViewModel.swift */ = {isa = PBXFileReference; lastKnownFileType = sourcecode.swift; path = SearchViewModel.swift; sourceTree = "<group>"; };
/* End PBXFileReference section */

/* Begin PBXFrameworksBuildPhase section */
		E0E66D6A2A3090FE00EEC38C /* Frameworks */ = {
			isa = PBXFrameworksBuildPhase;
			buildActionMask = 2147483647;
			files = (
			);
			runOnlyForDeploymentPostprocessing = 0;
		};
/* End PBXFrameworksBuildPhase section */

/* Begin PBXGroup section */
		E062A3E22A30DE8F007DC19F /* Request */ = {
			isa = PBXGroup;
			children = (
				E062A3E32A30DEAC007DC19F /* FetchContacts.swift */,
			);
			path = Request;
			sourceTree = "<group>";
		};
		E0E66D642A3090FE00EEC38C = {
			isa = PBXGroup;
			children = (
				E0E66D6F2A3090FE00EEC38C /* InformTehnikaTZ */,
				E0E66D6E2A3090FE00EEC38C /* Products */,
			);
			sourceTree = "<group>";
		};
		E0E66D6E2A3090FE00EEC38C /* Products */ = {
			isa = PBXGroup;
			children = (
				E0E66D6D2A3090FE00EEC38C /* InformTehnikaTZ.app */,
			);
			name = Products;
			sourceTree = "<group>";
		};
		E0E66D6F2A3090FE00EEC38C /* InformTehnikaTZ */ = {
			isa = PBXGroup;
			children = (
				E062A3E22A30DE8F007DC19F /* Request */,
				E0E66D882A30977B00EEC38C /* Models */,
				E0E66D852A30949F00EEC38C /* Views */,
				E0E66D842A30945500EEC38C /* Source */,
			);
			path = InformTehnikaTZ;
			sourceTree = "<group>";
		};
		E0E66D842A30945500EEC38C /* Source */ = {
			isa = PBXGroup;
			children = (
				E0E66D7B2A3090FF00EEC38C /* LaunchScreen.storyboard */,
				E0E66D702A3090FE00EEC38C /* AppDelegate.swift */,
				E0E66D722A3090FE00EEC38C /* SceneDelegate.swift */,
				E0E66D792A3090FF00EEC38C /* Assets.xcassets */,
				E0E66D7E2A3090FF00EEC38C /* Info.plist */,
			);
			path = Source;
			sourceTree = "<group>";
		};
		E0E66D852A30949F00EEC38C /* Views */ = {
			isa = PBXGroup;
			children = (
				E0E66D762A3090FE00EEC38C /* Main.storyboard */,
				E0E66D872A3094D500EEC38C /* MostViewed */,
				E0E66D862A3094B600EEC38C /* Search */,
			);
			path = Views;
			sourceTree = "<group>";
		};
		E0E66D862A3094B600EEC38C /* Search */ = {
			isa = PBXGroup;
			children = (
				E0E66D8D2A3098BF00EEC38C /* SearchController.swift */,
				E0E66D8F2A3098D500EEC38C /* SearchViewModel.swift */,
				E062A3E02A30B714007DC19F /* ContactCell.swift */,
			);
			path = Search;
			sourceTree = "<group>";
		};
		E0E66D872A3094D500EEC38C /* MostViewed */ = {
			isa = PBXGroup;
			children = (
				E062A3E52A30E02C007DC19F /* MostViewedController.swift */,
				E062A3E72A30E095007DC19F /* MostViewedViewModel.swift */,
				E062A3EB2A30E4FD007DC19F /* SelectableContactCell.swift */,
				E062A3E92A30E4CF007DC19F /* SelectedContactsCell.swift */,
				E062A3EE2A30FEC9007DC19F /* SelectedImageCollectionViewCell.swift */,
			);
			path = MostViewed;
			sourceTree = "<group>";
		};
		E0E66D882A30977B00EEC38C /* Models */ = {
			isa = PBXGroup;
			children = (
				E0E66D892A30979F00EEC38C /* Contact.swift */,
			);
			path = Models;
			sourceTree = "<group>";
		};
/* End PBXGroup section */

/* Begin PBXNativeTarget section */
		E0E66D6C2A3090FE00EEC38C /* InformTehnikaTZ */ = {
			isa = PBXNativeTarget;
			buildConfigurationList = E0E66D812A3090FF00EEC38C /* Build configuration list for PBXNativeTarget "InformTehnikaTZ" */;
			buildPhases = (
				E0E66D692A3090FE00EEC38C /* Sources */,
				E0E66D6A2A3090FE00EEC38C /* Frameworks */,
				E0E66D6B2A3090FE00EEC38C /* Resources */,
			);
			buildRules = (
			);
			dependencies = (
			);
			name = InformTehnikaTZ;
			productName = InformTehnikaTZ;
			productReference = E0E66D6D2A3090FE00EEC38C /* InformTehnikaTZ.app */;
			productType = "com.apple.product-type.application";
		};
/* End PBXNativeTarget section */

/* Begin PBXProject section */
		E0E66D652A3090FE00EEC38C /* Project object */ = {
			isa = PBXProject;
			attributes = {
				BuildIndependentTargetsInParallel = 1;
				LastSwiftUpdateCheck = 1430;
				LastUpgradeCheck = 1430;
				TargetAttributes = {
					E0E66D6C2A3090FE00EEC38C = {
						CreatedOnToolsVersion = 14.3;
					};
				};
			};
			buildConfigurationList = E0E66D682A3090FE00EEC38C /* Build configuration list for PBXProject "InformTehnikaTZ" */;
			compatibilityVersion = "Xcode 14.0";
			developmentRegion = en;
			hasScannedForEncodings = 0;
			knownRegions = (
				en,
				Base,
			);
			mainGroup = E0E66D642A3090FE00EEC38C;
			productRefGroup = E0E66D6E2A3090FE00EEC38C /* Products */;
			projectDirPath = "";
			projectRoot = "";
			targets = (
				E0E66D6C2A3090FE00EEC38C /* InformTehnikaTZ */,
			);
		};
/* End PBXProject section */

/* Begin PBXResourcesBuildPhase section */
		E0E66D6B2A3090FE00EEC38C /* Resources */ = {
			isa = PBXResourcesBuildPhase;
			buildActionMask = 2147483647;
			files = (
				E0E66D7D2A3090FF00EEC38C /* LaunchScreen.storyboard in Resources */,
				E0E66D7A2A3090FF00EEC38C /* Assets.xcassets in Resources */,
				E0E66D782A3090FE00EEC38C /* Main.storyboard in Resources */,
			);
			runOnlyForDeploymentPostprocessing = 0;
		};
/* End PBXResourcesBuildPhase section */

/* Begin PBXSourcesBuildPhase section */
		E0E66D692A3090FE00EEC38C /* Sources */ = {
			isa = PBXSourcesBuildPhase;
			buildActionMask = 2147483647;
			files = (
				E0E66D902A3098D500EEC38C /* SearchViewModel.swift in Sources */,
				E062A3E82A30E095007DC19F /* MostViewedViewModel.swift in Sources */,
				E062A3EC2A30E4FD007DC19F /* SelectableContactCell.swift in Sources */,
				E0E66D8A2A30979F00EEC38C /* Contact.swift in Sources */,
				E0E66D8E2A3098BF00EEC38C /* SearchController.swift in Sources */,
				E062A3E62A30E02C007DC19F /* MostViewedController.swift in Sources */,
				E062A3EA2A30E4D0007DC19F /* SelectedContactsCell.swift in Sources */,
				E0E66D712A3090FE00EEC38C /* AppDelegate.swift in Sources */,
				E062A3E12A30B714007DC19F /* ContactCell.swift in Sources */,
				E0E66D732A3090FE00EEC38C /* SceneDelegate.swift in Sources */,
				E062A3E42A30DEAC007DC19F /* FetchContacts.swift in Sources */,
				E062A3EF2A30FEC9007DC19F /* SelectedImageCollectionViewCell.swift in Sources */,
			);
			runOnlyForDeploymentPostprocessing = 0;
		};
/* End PBXSourcesBuildPhase section */

/* Begin PBXVariantGroup section */
		E0E66D762A3090FE00EEC38C /* Main.storyboard */ = {
			isa = PBXVariantGroup;
			children = (
				E0E66D772A3090FE00EEC38C /* Base */,
			);
			name = Main.storyboard;
			sourceTree = "<group>";
		};
		E0E66D7B2A3090FF00EEC38C /* LaunchScreen.storyboard */ = {
			isa = PBXVariantGroup;
			children = (
				E0E66D7C2A3090FF00EEC38C /* Base */,
			);
			name = LaunchScreen.storyboard;
			sourceTree = "<group>";
		};
/* End PBXVariantGroup section */

/* Begin XCBuildConfiguration section */
		E0E66D7F2A3090FF00EEC38C /* Debug */ = {
			isa = XCBuildConfiguration;
			buildSettings = {
				ALWAYS_SEARCH_USER_PATHS = NO;
				CLANG_ANALYZER_NONNULL = YES;
				CLANG_ANALYZER_NUMBER_OBJECT_CONVERSION = YES_AGGRESSIVE;
				CLANG_CXX_LANGUAGE_STANDARD = "gnu++20";
				CLANG_ENABLE_MODULES = YES;
				CLANG_ENABLE_OBJC_ARC = YES;
				CLANG_ENABLE_OBJC_WEAK = YES;
				CLANG_WARN_BLOCK_CAPTURE_AUTORELEASING = YES;
				CLANG_WARN_BOOL_CONVERSION = YES;
				CLANG_WARN_COMMA = YES;
				CLANG_WARN_CONSTANT_CONVERSION = YES;
				CLANG_WARN_DEPRECATED_OBJC_IMPLEMENTATIONS = YES;
				CLANG_WARN_DIRECT_OBJC_ISA_USAGE = YES_ERROR;
				CLANG_WARN_DOCUMENTATION_COMMENTS = YES;
				CLANG_WARN_EMPTY_BODY = YES;
				CLANG_WARN_ENUM_CONVERSION = YES;
				CLANG_WARN_INFINITE_RECURSION = YES;
				CLANG_WARN_INT_CONVERSION = YES;
				CLANG_WARN_NON_LITERAL_NULL_CONVERSION = YES;
				CLANG_WARN_OBJC_IMPLICIT_RETAIN_SELF = YES;
				CLANG_WARN_OBJC_LITERAL_CONVERSION = YES;
				CLANG_WARN_OBJC_ROOT_CLASS = YES_ERROR;
				CLANG_WARN_QUOTED_INCLUDE_IN_FRAMEWORK_HEADER = YES;
				CLANG_WARN_RANGE_LOOP_ANALYSIS = YES;
				CLANG_WARN_STRICT_PROTOTYPES = YES;
				CLANG_WARN_SUSPICIOUS_MOVE = YES;
				CLANG_WARN_UNGUARDED_AVAILABILITY = YES_AGGRESSIVE;
				CLANG_WARN_UNREACHABLE_CODE = YES;
				CLANG_WARN__DUPLICATE_METHOD_MATCH = YES;
				COPY_PHASE_STRIP = NO;
				DEBUG_INFORMATION_FORMAT = dwarf;
				ENABLE_STRICT_OBJC_MSGSEND = YES;
				ENABLE_TESTABILITY = YES;
				GCC_C_LANGUAGE_STANDARD = gnu11;
				GCC_DYNAMIC_NO_PIC = NO;
				GCC_NO_COMMON_BLOCKS = YES;
				GCC_OPTIMIZATION_LEVEL = 0;
				GCC_PREPROCESSOR_DEFINITIONS = (
					"DEBUG=1",
					"$(inherited)",
				);
				GCC_WARN_64_TO_32_BIT_CONVERSION = YES;
				GCC_WARN_ABOUT_RETURN_TYPE = YES_ERROR;
				GCC_WARN_UNDECLARED_SELECTOR = YES;
				GCC_WARN_UNINITIALIZED_AUTOS = YES_AGGRESSIVE;
				GCC_WARN_UNUSED_FUNCTION = YES;
				GCC_WARN_UNUSED_VARIABLE = YES;
				IPHONEOS_DEPLOYMENT_TARGET = 16.4;
				MTL_ENABLE_DEBUG_INFO = INCLUDE_SOURCE;
				MTL_FAST_MATH = YES;
				ONLY_ACTIVE_ARCH = YES;
				SDKROOT = iphoneos;
				SWIFT_ACTIVE_COMPILATION_CONDITIONS = DEBUG;
				SWIFT_OPTIMIZATION_LEVEL = "-Onone";
			};
			name = Debug;
		};
		E0E66D802A3090FF00EEC38C /* Release */ = {
			isa = XCBuildConfiguration;
			buildSettings = {
				ALWAYS_SEARCH_USER_PATHS = NO;
				CLANG_ANALYZER_NONNULL = YES;
				CLANG_ANALYZER_NUMBER_OBJECT_CONVERSION = YES_AGGRESSIVE;
				CLANG_CXX_LANGUAGE_STANDARD = "gnu++20";
				CLANG_ENABLE_MODULES = YES;
				CLANG_ENABLE_OBJC_ARC = YES;
				CLANG_ENABLE_OBJC_WEAK = YES;
				CLANG_WARN_BLOCK_CAPTURE_AUTORELEASING = YES;
				CLANG_WARN_BOOL_CONVERSION = YES;
				CLANG_WARN_COMMA = YES;
				CLANG_WARN_CONSTANT_CONVERSION = YES;
				CLANG_WARN_DEPRECATED_OBJC_IMPLEMENTATIONS = YES;
				CLANG_WARN_DIRECT_OBJC_ISA_USAGE = YES_ERROR;
				CLANG_WARN_DOCUMENTATION_COMMENTS = YES;
				CLANG_WARN_EMPTY_BODY = YES;
				CLANG_WARN_ENUM_CONVERSION = YES;
				CLANG_WARN_INFINITE_RECURSION = YES;
				CLANG_WARN_INT_CONVERSION = YES;
				CLANG_WARN_NON_LITERAL_NULL_CONVERSION = YES;
				CLANG_WARN_OBJC_IMPLICIT_RETAIN_SELF = YES;
				CLANG_WARN_OBJC_LITERAL_CONVERSION = YES;
				CLANG_WARN_OBJC_ROOT_CLASS = YES_ERROR;
				CLANG_WARN_QUOTED_INCLUDE_IN_FRAMEWORK_HEADER = YES;
				CLANG_WARN_RANGE_LOOP_ANALYSIS = YES;
				CLANG_WARN_STRICT_PROTOTYPES = YES;
				CLANG_WARN_SUSPICIOUS_MOVE = YES;
				CLANG_WARN_UNGUARDED_AVAILABILITY = YES_AGGRESSIVE;
				CLANG_WARN_UNREACHABLE_CODE = YES;
				CLANG_WARN__DUPLICATE_METHOD_MATCH = YES;
				COPY_PHASE_STRIP = NO;
				DEBUG_INFORMATION_FORMAT = "dwarf-with-dsym";
				ENABLE_NS_ASSERTIONS = NO;
				ENABLE_STRICT_OBJC_MSGSEND = YES;
				GCC_C_LANGUAGE_STANDARD = gnu11;
				GCC_NO_COMMON_BLOCKS = YES;
				GCC_WARN_64_TO_32_BIT_CONVERSION = YES;
				GCC_WARN_ABOUT_RETURN_TYPE = YES_ERROR;
				GCC_WARN_UNDECLARED_SELECTOR = YES;
				GCC_WARN_UNINITIALIZED_AUTOS = YES_AGGRESSIVE;
				GCC_WARN_UNUSED_FUNCTION = YES;
				GCC_WARN_UNUSED_VARIABLE = YES;
				IPHONEOS_DEPLOYMENT_TARGET = 16.4;
				MTL_ENABLE_DEBUG_INFO = NO;
				MTL_FAST_MATH = YES;
				SDKROOT = iphoneos;
				SWIFT_COMPILATION_MODE = wholemodule;
				SWIFT_OPTIMIZATION_LEVEL = "-O";
				VALIDATE_PRODUCT = YES;
			};
			name = Release;
		};
		E0E66D822A3090FF00EEC38C /* Debug */ = {
			isa = XCBuildConfiguration;
			buildSettings = {
				ASSETCATALOG_COMPILER_APPICON_NAME = AppIcon;
				ASSETCATALOG_COMPILER_GLOBAL_ACCENT_COLOR_NAME = AccentColor;
				CODE_SIGN_STYLE = Automatic;
				CURRENT_PROJECT_VERSION = 1;
				DEVELOPMENT_TEAM = 2NJA6A6R83;
				GENERATE_INFOPLIST_FILE = YES;
				INFOPLIST_FILE = InformTehnikaTZ/Source/Info.plist;
				INFOPLIST_KEY_NSContactsUsageDescription = "Give me contacts plz";
				INFOPLIST_KEY_UIApplicationSupportsIndirectInputEvents = YES;
				INFOPLIST_KEY_UILaunchStoryboardName = LaunchScreen;
				INFOPLIST_KEY_UIMainStoryboardFile = Main;
				INFOPLIST_KEY_UISupportedInterfaceOrientations_iPad = "UIInterfaceOrientationPortrait UIInterfaceOrientationPortraitUpsideDown UIInterfaceOrientationLandscapeLeft UIInterfaceOrientationLandscapeRight";
				INFOPLIST_KEY_UISupportedInterfaceOrientations_iPhone = "UIInterfaceOrientationPortrait UIInterfaceOrientationLandscapeLeft UIInterfaceOrientationLandscapeRight";
				LD_RUNPATH_SEARCH_PATHS = (
					"$(inherited)",
					"@executable_path/Frameworks",
				);
				MARKETING_VERSION = 1.0;
				PRODUCT_BUNDLE_IDENTIFIER = com.gline.InformTehnikaTZ;
				PRODUCT_NAME = "$(TARGET_NAME)";
				SWIFT_EMIT_LOC_STRINGS = YES;
				SWIFT_VERSION = 5.0;
				TARGETED_DEVICE_FAMILY = "1,2";
			};
			name = Debug;
		};
		E0E66D832A3090FF00EEC38C /* Release */ = {
			isa = XCBuildConfiguration;
			buildSettings = {
				ASSETCATALOG_COMPILER_APPICON_NAME = AppIcon;
				ASSETCATALOG_COMPILER_GLOBAL_ACCENT_COLOR_NAME = AccentColor;
				CODE_SIGN_STYLE = Automatic;
				CURRENT_PROJECT_VERSION = 1;
				DEVELOPMENT_TEAM = 2NJA6A6R83;
				GENERATE_INFOPLIST_FILE = YES;
				INFOPLIST_FILE = InformTehnikaTZ/Source/Info.plist;
				INFOPLIST_KEY_NSContactsUsageDescription = "Give me contacts plz";
				INFOPLIST_KEY_UIApplicationSupportsIndirectInputEvents = YES;
				INFOPLIST_KEY_UILaunchStoryboardName = LaunchScreen;
				INFOPLIST_KEY_UIMainStoryboardFile = Main;
				INFOPLIST_KEY_UISupportedInterfaceOrientations_iPad = "UIInterfaceOrientationPortrait UIInterfaceOrientationPortraitUpsideDown UIInterfaceOrientationLandscapeLeft UIInterfaceOrientationLandscapeRight";
				INFOPLIST_KEY_UISupportedInterfaceOrientations_iPhone = "UIInterfaceOrientationPortrait UIInterfaceOrientationLandscapeLeft UIInterfaceOrientationLandscapeRight";
				LD_RUNPATH_SEARCH_PATHS = (
					"$(inherited)",
					"@executable_path/Frameworks",
				);
				MARKETING_VERSION = 1.0;
				PRODUCT_BUNDLE_IDENTIFIER = com.gline.InformTehnikaTZ;
				PRODUCT_NAME = "$(TARGET_NAME)";
				SWIFT_EMIT_LOC_STRINGS = YES;
				SWIFT_VERSION = 5.0;
				TARGETED_DEVICE_FAMILY = "1,2";
			};
			name = Release;
		};
/* End XCBuildConfiguration section */

/* Begin XCConfigurationList section */
		E0E66D682A3090FE00EEC38C /* Build configuration list for PBXProject "InformTehnikaTZ" */ = {
			isa = XCConfigurationList;
			buildConfigurations = (
				E0E66D7F2A3090FF00EEC38C /* Debug */,
				E0E66D802A3090FF00EEC38C /* Release */,
			);
			defaultConfigurationIsVisible = 0;
			defaultConfigurationName = Release;
		};
		E0E66D812A3090FF00EEC38C /* Build configuration list for PBXNativeTarget "InformTehnikaTZ" */ = {
			isa = XCConfigurationList;
			buildConfigurations = (
				E0E66D822A3090FF00EEC38C /* Debug */,
				E0E66D832A3090FF00EEC38C /* Release */,
			);
			defaultConfigurationIsVisible = 0;
			defaultConfigurationName = Release;
		};
/* End XCConfigurationList section */
	};
	rootObject = E0E66D652A3090FE00EEC38C /* Project object */;
}
